
Microsoft Visual Studio Solution File, Format Version 12.00
# Visual Studio Version 17
VisualStudioVersion = 17.6.33829.357
MinimumVisualStudioVersion = 10.0.40219.1
Project("{9A19103F-16F7-4668-BE54-9A1E7A4F7556}") = "Project.ENTITIES", "Project.ENTITIES\Project.ENTITIES.csproj", "{8918F020-296C-4581-8B0A-AA93FF6FCC74}"
EndProject
Project("{9A19103F-16F7-4668-BE54-9A1E7A4F7556}") = "Project.DAL", "Project.DAL\Project.DAL.csproj", "{30AEC2D8-A9CB-4A4C-8130-D0C4A2B301EE}"
EndProject
Project("{9A19103F-16F7-4668-BE54-9A1E7A4F7556}") = "Project.BLL", "Project.BLL\Project.BLL.csproj", "{7D356D37-2D8B-4EA9-B77F-FF86364272D2}"
EndProject
Project("{9A19103F-16F7-4668-BE54-9A1E7A4F7556}") = "Project.CoreMVCUI", "Project.CoreMVCUI\Project.CoreMVCUI.csproj", "{7EC6C879-5F6A-40FB-865D-05D5B683F8BA}"
EndProject
Project("{FAE04EC0-301F-11D3-BF4B-00C04F79EFBC}") = "Project.WebAPI", "Project.WebAPI\Project.WebAPI.csproj", "{033334F0-0AC4-42F7-AC34-EA04C3E1244C}"
EndProject
Global
	GlobalSection(SolutionConfigurationPlatforms) = preSolution
		Debug|Any CPU = Debug|Any CPU
		Release|Any CPU = Release|Any CPU
	EndGlobalSection
	GlobalSection(ProjectConfigurationPlatforms) = postSolution
		{8918F020-296C-4581-8B0A-AA93FF6FCC74}.Debug|Any CPU.ActiveCfg = Debug|Any CPU
		{8918F020-296C-4581-8B0A-AA93FF6FCC74}.Debug|Any CPU.Build.0 = Debug|Any CPU
		{8918F020-296C-4581-8B0A-AA93FF6FCC74}.Release|Any CPU.ActiveCfg = Release|Any CPU
		{8918F020-296C-4581-8B0A-AA93FF6FCC74}.Release|Any CPU.Build.0 = Release|Any CPU
		{30AEC2D8-A9CB-4A4C-8130-D0C4A2B301EE}.Debug|Any CPU.ActiveCfg = Debug|Any CPU
		{30AEC2D8-A9CB-4A4C-8130-D0C4A2B301EE}.Debug|Any CPU.Build.0 = Debug|Any CPU
		{30AEC2D8-A9CB-4A4C-8130-D0C4A2B301EE}.Release|Any CPU.ActiveCfg = Release|Any CPU
		{30AEC2D8-A9CB-4A4C-8130-D0C4A2B301EE}.Release|Any CPU.Build.0 = Release|Any CPU
		{7D356D37-2D8B-4EA9-B77F-FF86364272D2}.Debug|Any CPU.ActiveCfg = Debug|Any CPU
		{7D356D37-2D8B-4EA9-B77F-FF86364272D2}.Debug|Any CPU.Build.0 = Debug|Any CPU
		{7D356D37-2D8B-4EA9-B77F-FF86364272D2}.Release|Any CPU.ActiveCfg = Release|Any CPU
		{7D356D37-2D8B-4EA9-B77F-FF86364272D2}.Release|Any CPU.Build.0 = Release|Any CPU
		{7EC6C879-5F6A-40FB-865D-05D5B683F8BA}.Debug|Any CPU.ActiveCfg = Debug|Any CPU
		{7EC6C879-5F6A-40FB-865D-05D5B683F8BA}.Debug|Any CPU.Build.0 = Debug|Any CPU
		{7EC6C879-5F6A-40FB-865D-05D5B683F8BA}.Release|Any CPU.ActiveCfg = Release|Any CPU
		{7EC6C879-5F6A-40FB-865D-05D5B683F8BA}.Release|Any CPU.Build.0 = Release|Any CPU
		{033334F0-0AC4-42F7-AC34-EA04C3E1244C}.Debug|Any CPU.ActiveCfg = Debug|Any CPU
		{033334F0-0AC4-42F7-AC34-EA04C3E1244C}.Debug|Any CPU.Build.0 = Debug|Any CPU
		{033334F0-0AC4-42F7-AC34-EA04C3E1244C}.Release|Any CPU.ActiveCfg = Release|Any CPU
		{033334F0-0AC4-42F7-AC34-EA04C3E1244C}.Release|Any CPU.Build.0 = Release|Any CPU
	EndGlobalSection
	GlobalSection(SolutionProperties) = preSolution
		HideSolutionNode = FALSE
	EndGlobalSection
	GlobalSection(ExtensibilityGlobals) = postSolution
		SolutionGuid = {9D9FB4D5-A0A3-42F2-A936-AA38C99A243A}
	EndGlobalSection
EndGlobal
